{
  "version": 4,
  "terraform_version": "1.2.9",
  "serial": 11,
  "lineage": "b529f26e-8cba-7bbe-6db6-6b30afb8ff0e",
  "outputs": {},
  "resources": [
    {
      "mode": "data",
      "type": "aws_iam_policy_document",
      "name": "assume_role_policy",
      "provider": "provider[\"registry.terraform.io/hashicorp/aws\"]",
      "instances": [
        {
          "schema_version": 0,
          "attributes": {
            "id": "3552664922",
            "json": "{\n  \"Version\": \"2012-10-17\",\n  \"Statement\": [\n    {\n      \"Effect\": \"Allow\",\n      \"Action\": \"sts:AssumeRole\",\n      \"Principal\": {\n        \"Service\": \"eks.amazonaws.com\"\n      }\n    }\n  ]\n}",
            "override_json": null,
            "override_policy_documents": null,
            "policy_id": null,
            "source_json": null,
            "source_policy_documents": null,
            "statement": [
              {
                "actions": [
                  "sts:AssumeRole"
                ],
                "condition": [],
                "effect": "Allow",
                "not_actions": [],
                "not_principals": [],
                "not_resources": [],
                "principals": [
                  {
                    "identifiers": [
                      "eks.amazonaws.com"
                    ],
                    "type": "Service"
                  }
                ],
                "resources": [],
                "sid": ""
              }
            ],
            "version": "2012-10-17"
          },
          "sensitive_attributes": []
        }
      ]
    },
    {
      "mode": "managed",
      "type": "aws_ecr_repository",
      "name": "monitoring_app",
      "provider": "provider[\"registry.terraform.io/hashicorp/aws\"]",
      "instances": [
        {
          "schema_version": 0,
          "attributes": {
            "arn": "arn:aws:ecr:us-east-1:767397919599:repository/monitoring_app",
            "encryption_configuration": [
              {
                "encryption_type": "AES256",
                "kms_key": ""
              }
            ],
            "force_delete": null,
            "id": "monitoring_app",
            "image_scanning_configuration": [
              {
                "scan_on_push": false
              }
            ],
            "image_tag_mutability": "MUTABLE",
            "name": "monitoring_app",
            "registry_id": "767397919599",
            "repository_url": "767397919599.dkr.ecr.us-east-1.amazonaws.com/monitoring_app",
            "tags": {},
            "tags_all": {},
            "timeouts": null
          },
          "sensitive_attributes": [],
          "private": "eyJlMmJmYjczMC1lY2FhLTExZTYtOGY4OC0zNDM2M2JjN2M0YzAiOnsiZGVsZXRlIjoxMjAwMDAwMDAwMDAwfX0="
        }
      ]
    },
    {
      "mode": "managed",
      "type": "aws_eks_cluster",
      "name": "monitor_cluster",
      "provider": "provider[\"registry.terraform.io/hashicorp/aws\"]",
      "instances": [
        {
          "schema_version": 0,
          "attributes": {
            "access_config": [
              {
                "authentication_mode": "CONFIG_MAP",
                "bootstrap_cluster_creator_admin_permissions": false
              }
            ],
            "arn": "arn:aws:eks:us-east-1:767397919599:cluster/monitor_cluster",
            "certificate_authority": [
              {
                "data": "LS0tLS1CRUdJTiBDRVJUSUZJQ0FURS0tLS0tCk1JSURCVENDQWUyZ0F3SUJBZ0lJUEE2a0xUQThMTGt3RFFZSktvWklodmNOQVFFTEJRQXdGVEVUTUJFR0ExVUUKQXhNS2EzVmlaWEp1WlhSbGN6QWVGdzB5TkRBek1qSXhOek00TXpOYUZ3MHpOREF6TWpBeE56UXpNek5hTUJVeApFekFSQmdOVkJBTVRDbXQxWW1WeWJtVjBaWE13Z2dFaU1BMEdDU3FHU0liM0RRRUJBUVVBQTRJQkR3QXdnZ0VLCkFvSUJBUUM2L1NqNHI2bFdqNU16Nno1eXRjekYySERVVGR6eHFTZ0tOWkFFanV5UzI2SjRIUHAxd1NwbnNrVk0KUkRqZGgvQVF5U3JDTUFYank2M3ZoRWliM1N1aHZ3U1UzeXdqd3ppTUlOVllxSkswL2xheCtTSnltbnh2ZHpoVwpWaUM1Rmdra05hbUZuSEE2V3lFdHNZM3JuaGViVmxwT1phb3dTbi83Szd1NUtBUWdCTUd4dCs4ZzZ0eHd2NHVSCjJqT0dXVXZGcnA0UG53MzRnTkUxOFBzUEM0K1VPMW9rUURFVEJhL25ESTZNc3NGSHNJSEF1U0x5c0RiUDVGczQKU0w4L085N0lSTm42aFdhSVdFdUQxR1lRd1MxSnhqZ3RwSENQT1Q1Mzl2VkJZeGoySDJ2aGhvNnFrbEpzdFpkOQozWHduem9rTUtUaXg1SEZ6NHVLbWtQMmpkQXJUQWdNQkFBR2pXVEJYTUE0R0ExVWREd0VCL3dRRUF3SUNwREFQCkJnTlZIUk1CQWY4RUJUQURBUUgvTUIwR0ExVWREZ1FXQkJUOUhiN1FmcG1iSkV2bVhSVTU4ektlenpMc2l6QVYKQmdOVkhSRUVEakFNZ2dwcmRXSmxjbTVsZEdWek1BMEdDU3FHU0liM0RRRUJDd1VBQTRJQkFRQzZHYlZKejUySQoxQ1c2THAyQ1NidFFnaWo1aytYN1JHdlBNTGtLYzFHZlFuL1RXNGlKKy92d1RIb2pITSt0THBGZU5KR0dzSWRyClpQZGZReUhVVHNLeWVra2xwVUIyT3NYRTBWRnAwRFNtNUt2bVQvUnlRdEN2RFN4Yi9UZTQ2T2h3N2c2bmt0bk0KeWc4K08wVndqZGFPNVFuVU8xK21acFp3ZjFxeHZZMDZFL2JtbmthamRtQTlvOTNlY0I4U1FMSTA2UHU5SXRicAp1NFI1UnNnaUgvTGpKR3FDdm05djc4VnEyM2NTeHBYM08rdjJveG1GMDNhVWNqSE41S0xZOGFJTDZmckliaGU1ClpzRjFGR2t5UHJtTXIySjZwRGYxREZPMjlrdlFZZjAzMW1IaDBJeU5uSkFwbUFPZ0U0Z2h6OS83M2M1QmpDNDMKSXh3b2tZKzduUFBkCi0tLS0tRU5EIENFUlRJRklDQVRFLS0tLS0K"
              }
            ],
            "cluster_id": null,
            "created_at": "2024-03-22 17:38:28.692 +0000 UTC",
            "enabled_cluster_log_types": null,
            "encryption_config": [],
            "endpoint": "https://209530289AEBE2AAC68B66CB1C69BDFD.sk1.us-east-1.eks.amazonaws.com",
            "id": "monitor_cluster",
            "identity": [
              {
                "oidc": [
                  {
                    "issuer": "https://oidc.eks.us-east-1.amazonaws.com/id/209530289AEBE2AAC68B66CB1C69BDFD"
                  }
                ]
              }
            ],
            "kubernetes_network_config": [
              {
                "ip_family": "ipv4",
                "service_ipv4_cidr": "10.100.0.0/16",
                "service_ipv6_cidr": ""
              }
            ],
            "name": "monitor_cluster",
            "outpost_config": [],
            "platform_version": "eks.4",
            "role_arn": "arn:aws:iam::767397919599:role/my-eks-cluster-role",
            "status": "ACTIVE",
            "tags": null,
            "tags_all": {},
            "timeouts": null,
            "version": "1.29",
            "vpc_config": [
              {
                "cluster_security_group_id": "sg-0fc56eb09c62f49e4",
                "endpoint_private_access": false,
                "endpoint_public_access": true,
                "public_access_cidrs": [
                  "0.0.0.0/0"
                ],
                "security_group_ids": [
                  "sg-0050636b4e8b08d56"
                ],
                "subnet_ids": [
                  "subnet-04b61e191e0889e38",
                  "subnet-08d94184c2fa09560"
                ],
                "vpc_id": "vpc-0b94963e24cc90184"
              }
            ]
          },
          "sensitive_attributes": [],
          "private": "eyJlMmJmYjczMC1lY2FhLTExZTYtOGY4OC0zNDM2M2JjN2M0YzAiOnsiY3JlYXRlIjoxODAwMDAwMDAwMDAwLCJkZWxldGUiOjkwMDAwMDAwMDAwMCwidXBkYXRlIjozNjAwMDAwMDAwMDAwfX0=",
          "dependencies": [
            "aws_iam_role.eks_cluster_role"
          ]
        }
      ]
    },
    {
      "mode": "managed",
      "type": "aws_iam_role",
      "name": "eks_cluster_role",
      "provider": "provider[\"registry.terraform.io/hashicorp/aws\"]",
      "instances": [
        {
          "schema_version": 0,
          "attributes": {
            "arn": "arn:aws:iam::767397919599:role/my-eks-cluster-role",
            "assume_role_policy": "{\"Statement\":[{\"Action\":\"sts:AssumeRole\",\"Effect\":\"Allow\",\"Principal\":{\"Service\":\"eks.amazonaws.com\"}}],\"Version\":\"2012-10-17\"}",
            "create_date": "2024-03-22T17:33:54Z",
            "description": "",
            "force_detach_policies": false,
            "id": "my-eks-cluster-role",
            "inline_policy": [],
            "managed_policy_arns": [],
            "max_session_duration": 3600,
            "name": "my-eks-cluster-role",
            "name_prefix": "",
            "path": "/",
            "permissions_boundary": "",
            "tags": {},
            "tags_all": {},
            "unique_id": "AROA3FLD27NXQE3YFRSS6"
          },
          "sensitive_attributes": [],
          "private": "bnVsbA==",
          "dependencies": [
            "data.aws_iam_policy_document.assume_role_policy"
          ]
        }
      ]
    }
  ]
}
